
Microsoft Visual Studio Solution File, Format Version 12.00
# Visual Studio Version 17
VisualStudioVersion = 17.0.32112.339
MinimumVisualStudioVersion = 10.0.40219.1
Project("{FAE04EC0-301F-11D3-BF4B-00C04F79EFBC}") = "AssignmentManagement.Entities", "AssignmentManagement.Entities\AssignmentManagement.Entities.csproj", "{5B2C3505-BF5A-460B-AABB-5EA6D598F2E3}"
EndProject
Project("{FAE04EC0-301F-11D3-BF4B-00C04F79EFBC}") = "AssignmentManagement.DataAccess", "AssignmentManagement.DataAccess\AssignmentManagement.DataAccess.csproj", "{4E1A6E84-B65B-4B16-9A57-D24CAA195827}"
EndProject
Project("{FAE04EC0-301F-11D3-BF4B-00C04F79EFBC}") = "AssignmentManagement.Business", "AssignmentManagement.Business\AssignmentManagement.Business.csproj", "{2D3A0BD7-F80F-4AFD-BD04-F79E1314FF3B}"
EndProject
Project("{FAE04EC0-301F-11D3-BF4B-00C04F79EFBC}") = "AssignmentManagement.Core", "AssignmentManagement.Core\AssignmentManagement.Core.csproj", "{1185A545-9E26-46C8-AD8E-FC8739A3E1CD}"
EndProject
Project("{FAE04EC0-301F-11D3-BF4B-00C04F79EFBC}") = "AssignmentManagement.Api", "AssignmentManagement.Api\AssignmentManagement.Api.csproj", "{B24C7B5D-994A-4F2E-B015-FA1EBDB5CD0D}"
EndProject
Global
	GlobalSection(SolutionConfigurationPlatforms) = preSolution
		Debug|Any CPU = Debug|Any CPU
		Release|Any CPU = Release|Any CPU
	EndGlobalSection
	GlobalSection(ProjectConfigurationPlatforms) = postSolution
		{5B2C3505-BF5A-460B-AABB-5EA6D598F2E3}.Debug|Any CPU.ActiveCfg = Debug|Any CPU
		{5B2C3505-BF5A-460B-AABB-5EA6D598F2E3}.Debug|Any CPU.Build.0 = Debug|Any CPU
		{5B2C3505-BF5A-460B-AABB-5EA6D598F2E3}.Release|Any CPU.ActiveCfg = Release|Any CPU
		{5B2C3505-BF5A-460B-AABB-5EA6D598F2E3}.Release|Any CPU.Build.0 = Release|Any CPU
		{4E1A6E84-B65B-4B16-9A57-D24CAA195827}.Debug|Any CPU.ActiveCfg = Debug|Any CPU
		{4E1A6E84-B65B-4B16-9A57-D24CAA195827}.Debug|Any CPU.Build.0 = Debug|Any CPU
		{4E1A6E84-B65B-4B16-9A57-D24CAA195827}.Release|Any CPU.ActiveCfg = Release|Any CPU
		{4E1A6E84-B65B-4B16-9A57-D24CAA195827}.Release|Any CPU.Build.0 = Release|Any CPU
		{2D3A0BD7-F80F-4AFD-BD04-F79E1314FF3B}.Debug|Any CPU.ActiveCfg = Debug|Any CPU
		{2D3A0BD7-F80F-4AFD-BD04-F79E1314FF3B}.Debug|Any CPU.Build.0 = Debug|Any CPU
		{2D3A0BD7-F80F-4AFD-BD04-F79E1314FF3B}.Release|Any CPU.ActiveCfg = Release|Any CPU
		{2D3A0BD7-F80F-4AFD-BD04-F79E1314FF3B}.Release|Any CPU.Build.0 = Release|Any CPU
		{1185A545-9E26-46C8-AD8E-FC8739A3E1CD}.Debug|Any CPU.ActiveCfg = Debug|Any CPU
		{1185A545-9E26-46C8-AD8E-FC8739A3E1CD}.Debug|Any CPU.Build.0 = Debug|Any CPU
		{1185A545-9E26-46C8-AD8E-FC8739A3E1CD}.Release|Any CPU.ActiveCfg = Release|Any CPU
		{1185A545-9E26-46C8-AD8E-FC8739A3E1CD}.Release|Any CPU.Build.0 = Release|Any CPU
		{B24C7B5D-994A-4F2E-B015-FA1EBDB5CD0D}.Debug|Any CPU.ActiveCfg = Debug|Any CPU
		{B24C7B5D-994A-4F2E-B015-FA1EBDB5CD0D}.Debug|Any CPU.Build.0 = Debug|Any CPU
		{B24C7B5D-994A-4F2E-B015-FA1EBDB5CD0D}.Release|Any CPU.ActiveCfg = Release|Any CPU
		{B24C7B5D-994A-4F2E-B015-FA1EBDB5CD0D}.Release|Any CPU.Build.0 = Release|Any CPU
	EndGlobalSection
	GlobalSection(SolutionProperties) = preSolution
		HideSolutionNode = FALSE
	EndGlobalSection
	GlobalSection(ExtensibilityGlobals) = postSolution
		SolutionGuid = {0F29BFCC-17CB-47A5-8EE4-0C953B14B594}
	EndGlobalSection
EndGlobal
